
Microsoft Visual Studio Solution File, Format Version 12.00
# Visual Studio 2012
Project("{FAE04EC0-301F-11D3-BF4B-00C04F79EFBC}") = "PDDND.Console", "PDDND.Console\PDDND.Console.csproj", "{11FD797F-86BE-43C0-AFD5-0E252A305B46}"
EndProject
Project("{FAE04EC0-301F-11D3-BF4B-00C04F79EFBC}") = "PDDND.Console.UnitTest", "PDDND.Console.UnitTest\PDDND.Console.UnitTest.csproj", "{F9405F49-8377-4952-B9AA-D388C91E12A6}"
EndProject
Project("{2150E333-8FDC-42A3-9474-1A3956D46DE8}") = ".nuget", ".nuget", "{3EC4F35A-F78E-47AD-96F2-0B15120E3D1D}"
	ProjectSection(SolutionItems) = preProject
		.nuget\NuGet.Config = .nuget\NuGet.Config
		.nuget\NuGet.exe = .nuget\NuGet.exe
		.nuget\NuGet.targets = .nuget\NuGet.targets
	EndProjectSection
EndProject
Project("{FAE04EC0-301F-11D3-BF4B-00C04F79EFBC}") = "PDDND.ThirdPartyServices", "PDDND.ThirdPartyServices\PDDND.ThirdPartyServices.csproj", "{01B1D4E4-9081-45A3-A577-224DFBC3695B}"
EndProject
Global
	GlobalSection(SolutionConfigurationPlatforms) = preSolution
		Debug|Any CPU = Debug|Any CPU
		Debug|ARM = Debug|ARM
		Debug|x64 = Debug|x64
		Debug|x86 = Debug|x86
		Release|Any CPU = Release|Any CPU
		Release|ARM = Release|ARM
		Release|x64 = Release|x64
		Release|x86 = Release|x86
	EndGlobalSection
	GlobalSection(ProjectConfigurationPlatforms) = postSolution
		{11FD797F-86BE-43C0-AFD5-0E252A305B46}.Debug|Any CPU.ActiveCfg = Debug|Any CPU
		{11FD797F-86BE-43C0-AFD5-0E252A305B46}.Debug|Any CPU.Build.0 = Debug|Any CPU
		{11FD797F-86BE-43C0-AFD5-0E252A305B46}.Debug|ARM.ActiveCfg = Debug|Any CPU
		{11FD797F-86BE-43C0-AFD5-0E252A305B46}.Debug|x64.ActiveCfg = Debug|Any CPU
		{11FD797F-86BE-43C0-AFD5-0E252A305B46}.Debug|x86.ActiveCfg = Debug|Any CPU
		{11FD797F-86BE-43C0-AFD5-0E252A305B46}.Release|Any CPU.ActiveCfg = Release|Any CPU
		{11FD797F-86BE-43C0-AFD5-0E252A305B46}.Release|Any CPU.Build.0 = Release|Any CPU
		{11FD797F-86BE-43C0-AFD5-0E252A305B46}.Release|ARM.ActiveCfg = Release|Any CPU
		{11FD797F-86BE-43C0-AFD5-0E252A305B46}.Release|x64.ActiveCfg = Release|Any CPU
		{11FD797F-86BE-43C0-AFD5-0E252A305B46}.Release|x86.ActiveCfg = Release|Any CPU
		{F9405F49-8377-4952-B9AA-D388C91E12A6}.Debug|Any CPU.ActiveCfg = Debug|Any CPU
		{F9405F49-8377-4952-B9AA-D388C91E12A6}.Debug|Any CPU.Build.0 = Debug|Any CPU
		{F9405F49-8377-4952-B9AA-D388C91E12A6}.Debug|ARM.ActiveCfg = Debug|Any CPU
		{F9405F49-8377-4952-B9AA-D388C91E12A6}.Debug|x64.ActiveCfg = Debug|Any CPU
		{F9405F49-8377-4952-B9AA-D388C91E12A6}.Debug|x86.ActiveCfg = Debug|Any CPU
		{F9405F49-8377-4952-B9AA-D388C91E12A6}.Release|Any CPU.ActiveCfg = Release|Any CPU
		{F9405F49-8377-4952-B9AA-D388C91E12A6}.Release|Any CPU.Build.0 = Release|Any CPU
		{F9405F49-8377-4952-B9AA-D388C91E12A6}.Release|ARM.ActiveCfg = Release|Any CPU
		{F9405F49-8377-4952-B9AA-D388C91E12A6}.Release|x64.ActiveCfg = Release|Any CPU
		{F9405F49-8377-4952-B9AA-D388C91E12A6}.Release|x86.ActiveCfg = Release|Any CPU
		{01B1D4E4-9081-45A3-A577-224DFBC3695B}.Debug|Any CPU.ActiveCfg = Debug|Any CPU
		{01B1D4E4-9081-45A3-A577-224DFBC3695B}.Debug|Any CPU.Build.0 = Debug|Any CPU
		{01B1D4E4-9081-45A3-A577-224DFBC3695B}.Debug|ARM.ActiveCfg = Debug|Any CPU
		{01B1D4E4-9081-45A3-A577-224DFBC3695B}.Debug|x64.ActiveCfg = Debug|Any CPU
		{01B1D4E4-9081-45A3-A577-224DFBC3695B}.Debug|x86.ActiveCfg = Debug|Any CPU
		{01B1D4E4-9081-45A3-A577-224DFBC3695B}.Release|Any CPU.ActiveCfg = Release|Any CPU
		{01B1D4E4-9081-45A3-A577-224DFBC3695B}.Release|Any CPU.Build.0 = Release|Any CPU
		{01B1D4E4-9081-45A3-A577-224DFBC3695B}.Release|ARM.ActiveCfg = Release|Any CPU
		{01B1D4E4-9081-45A3-A577-224DFBC3695B}.Release|x64.ActiveCfg = Release|Any CPU
		{01B1D4E4-9081-45A3-A577-224DFBC3695B}.Release|x86.ActiveCfg = Release|Any CPU
	EndGlobalSection
	GlobalSection(SolutionProperties) = preSolution
		HideSolutionNode = FALSE
	EndGlobalSection
EndGlobal
